
Microsoft Visual Studio Solution File, Format Version 12.00
# Visual Studio Version 16
VisualStudioVersion = 16.0.31205.134
MinimumVisualStudioVersion = 10.0.40219.1
Project("{FAE04EC0-301F-11D3-BF4B-00C04F79EFBC}") = "Lab5", "Lab5\Lab5.csproj", "{B7710307-47AD-40D4-82C2-9623E864110F}"
EndProject
Global
	GlobalSection(SolutionConfigurationPlatforms) = preSolution
		Debug|Any CPU = Debug|Any CPU
		Release|Any CPU = Release|Any CPU
	EndGlobalSection
	GlobalSection(ProjectConfigurationPlatforms) = postSolution
		{B7710307-47AD-40D4-82C2-9623E864110F}.Debug|Any CPU.ActiveCfg = Debug|Any CPU
		{B7710307-47AD-40D4-82C2-9623E864110F}.Debug|Any CPU.Build.0 = Debug|Any CPU
		{B7710307-47AD-40D4-82C2-9623E864110F}.Release|Any CPU.ActiveCfg = Release|Any CPU
		{B7710307-47AD-40D4-82C2-9623E864110F}.Release|Any CPU.Build.0 = Release|Any CPU
	EndGlobalSection
	GlobalSection(SolutionProperties) = preSolution
		HideSolutionNode = FALSE
	EndGlobalSection
	GlobalSection(ExtensibilityGlobals) = postSolution
		SolutionGuid = {DC9E30B8-0D75-4348-BD78-6AC2090622C5}
	EndGlobalSection
EndGlobal
